
Microsoft Visual Studio Solution File, Format Version 12.00
# Visual Studio 15
VisualStudioVersion = 15.0.26228.9
MinimumVisualStudioVersion = 10.0.40219.1
Project("{FAE04EC0-301F-11D3-BF4B-00C04F79EFBC}") = "Shared", "src\Shared\Shared.csproj", "{A9DD1C80-5364-48E4-96F6-EAFC8728693A}"
EndProject
Project("{FAE04EC0-301F-11D3-BF4B-00C04F79EFBC}") = "Echo", "src\Echo\Echo.csproj", "{8B87D5C2-6B89-4214-AAD5-E5CC118C58F2}"
EndProject
Global
	GlobalSection(SolutionConfigurationPlatforms) = preSolution
		Debug|Any CPU = Debug|Any CPU
		Release|Any CPU = Release|Any CPU
	EndGlobalSection
	GlobalSection(ProjectConfigurationPlatforms) = postSolution
		{A9DD1C80-5364-48E4-96F6-EAFC8728693A}.Debug|Any CPU.ActiveCfg = Debug|Any CPU
		{A9DD1C80-5364-48E4-96F6-EAFC8728693A}.Debug|Any CPU.Build.0 = Debug|Any CPU
		{A9DD1C80-5364-48E4-96F6-EAFC8728693A}.Release|Any CPU.ActiveCfg = Release|Any CPU
		{A9DD1C80-5364-48E4-96F6-EAFC8728693A}.Release|Any CPU.Build.0 = Release|Any CPU
		{8B87D5C2-6B89-4214-AAD5-E5CC118C58F2}.Debug|Any CPU.ActiveCfg = Debug|Any CPU
		{8B87D5C2-6B89-4214-AAD5-E5CC118C58F2}.Debug|Any CPU.Build.0 = Debug|Any CPU
		{8B87D5C2-6B89-4214-AAD5-E5CC118C58F2}.Release|Any CPU.ActiveCfg = Release|Any CPU
		{8B87D5C2-6B89-4214-AAD5-E5CC118C58F2}.Release|Any CPU.Build.0 = Release|Any CPU
	EndGlobalSection
	GlobalSection(SolutionProperties) = preSolution
		HideSolutionNode = FALSE
	EndGlobalSection
EndGlobal
